
Microsoft Visual Studio Solution File, Format Version 12.00
# Visual Studio Version 17
VisualStudioVersion = 17.11.35327.3
MinimumVisualStudioVersion = 10.0.40219.1
Project("{9A19103F-16F7-4668-BE54-9A1E7A4F7556}") = "ChamCong", "ChamCong\ChamCong.csproj", "{B1FC0025-DC7F-40C7-915E-2C32E8A2354D}"
EndProject
Project("{9A19103F-16F7-4668-BE54-9A1E7A4F7556}") = "BLL", "BLL\BLL.csproj", "{7991FFF3-7449-4D9C-801A-DC885C508EDF}"
EndProject
Project("{9A19103F-16F7-4668-BE54-9A1E7A4F7556}") = "DAL", "DAL\DAL.csproj", "{A88CB7EB-FA22-46C6-A7C5-FD3BD794AE79}"
EndProject
Global
	GlobalSection(SolutionConfigurationPlatforms) = preSolution
		Debug|Any CPU = Debug|Any CPU
		Release|Any CPU = Release|Any CPU
	EndGlobalSection
	GlobalSection(ProjectConfigurationPlatforms) = postSolution
		{B1FC0025-DC7F-40C7-915E-2C32E8A2354D}.Debug|Any CPU.ActiveCfg = Debug|Any CPU
		{B1FC0025-DC7F-40C7-915E-2C32E8A2354D}.Debug|Any CPU.Build.0 = Debug|Any CPU
		{B1FC0025-DC7F-40C7-915E-2C32E8A2354D}.Release|Any CPU.ActiveCfg = Release|Any CPU
		{B1FC0025-DC7F-40C7-915E-2C32E8A2354D}.Release|Any CPU.Build.0 = Release|Any CPU
		{7991FFF3-7449-4D9C-801A-DC885C508EDF}.Debug|Any CPU.ActiveCfg = Debug|Any CPU
		{7991FFF3-7449-4D9C-801A-DC885C508EDF}.Debug|Any CPU.Build.0 = Debug|Any CPU
		{7991FFF3-7449-4D9C-801A-DC885C508EDF}.Release|Any CPU.ActiveCfg = Release|Any CPU
		{7991FFF3-7449-4D9C-801A-DC885C508EDF}.Release|Any CPU.Build.0 = Release|Any CPU
		{A88CB7EB-FA22-46C6-A7C5-FD3BD794AE79}.Debug|Any CPU.ActiveCfg = Debug|Any CPU
		{A88CB7EB-FA22-46C6-A7C5-FD3BD794AE79}.Debug|Any CPU.Build.0 = Debug|Any CPU
		{A88CB7EB-FA22-46C6-A7C5-FD3BD794AE79}.Release|Any CPU.ActiveCfg = Release|Any CPU
		{A88CB7EB-FA22-46C6-A7C5-FD3BD794AE79}.Release|Any CPU.Build.0 = Release|Any CPU
	EndGlobalSection
	GlobalSection(SolutionProperties) = preSolution
		HideSolutionNode = FALSE
	EndGlobalSection
	GlobalSection(ExtensibilityGlobals) = postSolution
		SolutionGuid = {D4734FE7-5AB7-4879-A6DC-6514B6F1DE46}
	EndGlobalSection
EndGlobal
